<?xml version="1.0" encoding="UTF-8" standalone="yes" ?>
<CodeBlocks_project_file>
	<FileVersion major="1" minor="6" />
	<Project>
		<Option title="Raider" />
		<Option platforms="Unix;" />
		<Option makefile_is_custom="1" />
		<Option pch_mode="2" />
		<Option compiler="gcc" />
		<MakeCommands>
			<Build command="cd builddir; meson compile" />
			<CompileFile command="cd builddir; meson compile" />
			<Clean command="" />
			<DistClean command="$make -f $makefile distclean$target" />
			<AskRebuildNeeded command="" />
			<SilentBuild command="cd builddir; meson compile &gt; $(CMD_NULL)" />
		</MakeCommands>
		<Build>
			<Target title="Compile">
				<Option platforms="Unix;" />
				<Option output="builddir/src/raider" prefix_auto="1" extension_auto="1" />
				<Option object_output="obj/Release/" />
				<Option type="1" />
				<Option compiler="gcc" />
				<Compiler>
					<Add option="-O2" />
				</Compiler>
				<Linker>
					<Add option="-s" />
				</Linker>
				<MakeCommands>
					<Build command="cd builddir; meson compile" />
					<CompileFile command="cd builddir; meson compile" />
					<Clean command="" />
					<DistClean command="$make -f $makefile distclean$target" />
					<AskRebuildNeeded command="" />
					<SilentBuild command="cd builddir; meson compile &gt; $(CMD_NULL)" />
				</MakeCommands>
			</Target>
		</Build>
		<Compiler>
			<Add option="-Wall" />
			<Add option="`pkg-config gtk+-3.0 --cflags`" />
		</Compiler>
		<Linker>
			<Add option="`pkg-config gtk+-3.0 --libs`" />
		</Linker>
		<Unit filename="src/gears-menu.ui" />
		<Unit filename="src/main.c">
			<Option compilerVar="CC" />
		</Unit>
		<Unit filename="src/raider-add-file.c">
			<Option compilerVar="CC" />
		</Unit>
		<Unit filename="src/raider-add-file.h" />
		<Unit filename="src/raider-file-row.c">
			<Option compilerVar="CC" />
		</Unit>
		<Unit filename="src/raider-file-row.h" />
		<Unit filename="src/raider-pass-data.h" />
		<Unit filename="src/raider-preferences.c">
			<Option compilerVar="CC" />
		</Unit>
		<Unit filename="src/raider-preferences.h" />
		<Unit filename="src/raider-preferences.ui" />
		<Unit filename="src/raider-shred-file.c">
			<Option compilerVar="CC" />
		</Unit>
		<Unit filename="src/raider-shred-file.h" />
		<Unit filename="src/raider-shred-parser.c">
			<Option compilerVar="CC" />
		</Unit>
		<Unit filename="src/raider-shred-parser.h" />
		<Unit filename="src/raider-window.c">
			<Option compilerVar="CC" />
		</Unit>
		<Unit filename="src/raider-window.h" />
		<Unit filename="src/raider-window.ui" />
		<Unit filename="src/raider.c">
			<Option compilerVar="CC" />
		</Unit>
		<Unit filename="src/raider.gresource.xml" />
		<Unit filename="src/raider.h" />
		<Extensions>
			<code_completion />
			<envvars />
			<debugger />
		</Extensions>
	</Project>
</CodeBlocks_project_file>
